
Microsoft Visual Studio Solution File, Format Version 12.00
# Visual Studio Version 17
VisualStudioVersion = 17.11.35303.130
MinimumVisualStudioVersion = 10.0.40219.1
Project("{FAE04EC0-301F-11D3-BF4B-00C04F79EFBC}") = "AI_Email", "AI_Email\AI_Email.csproj", "{4AB90260-033E-4EC6-B403-487D83CD2BF9}"
EndProject
Global
	GlobalSection(SolutionConfigurationPlatforms) = preSolution
		Debug|Any CPU = Debug|Any CPU
		Release|Any CPU = Release|Any CPU
	EndGlobalSection
	GlobalSection(ProjectConfigurationPlatforms) = postSolution
		{4AB90260-033E-4EC6-B403-487D83CD2BF9}.Debug|Any CPU.ActiveCfg = Debug|Any CPU
		{4AB90260-033E-4EC6-B403-487D83CD2BF9}.Debug|Any CPU.Build.0 = Debug|Any CPU
		{4AB90260-033E-4EC6-B403-487D83CD2BF9}.Release|Any CPU.ActiveCfg = Release|Any CPU
		{4AB90260-033E-4EC6-B403-487D83CD2BF9}.Release|Any CPU.Build.0 = Release|Any CPU
	EndGlobalSection
	GlobalSection(SolutionProperties) = preSolution
		HideSolutionNode = FALSE
	EndGlobalSection
	GlobalSection(ExtensibilityGlobals) = postSolution
		SolutionGuid = {32D1A923-9010-43DE-A1F4-475128C23F73}
	EndGlobalSection
EndGlobal
